// !$*UTF8*$!
{
	archiveVersion = 1;
	classes = {
	};
	objectVersion = 50;
	objects = {

/* Begin PBXBuildFile section */
		C0686D40225C5A30009A2BFD /* AppDelegate.swift in Sources */ = {isa = PBXBuildFile; fileRef = C0686D3F225C5A30009A2BFD /* AppDelegate.swift */; };
		C0686D42225C5A30009A2BFD /* ContactLensesViewController.swift in Sources */ = {isa = PBXBuildFile; fileRef = C0686D41225C5A30009A2BFD /* ContactLensesViewController.swift */; };
		C0686D47225C5A32009A2BFD /* Assets.xcassets in Resources */ = {isa = PBXBuildFile; fileRef = C0686D46225C5A32009A2BFD /* Assets.xcassets */; };
		C0686D4A225C5A32009A2BFD /* LaunchScreen.storyboard in Resources */ = {isa = PBXBuildFile; fileRef = C0686D48225C5A32009A2BFD /* LaunchScreen.storyboard */; };
		C0686D57225D1C5B009A2BFD /* ImageNode.swift in Sources */ = {isa = PBXBuildFile; fileRef = C0686D56225D1C5B009A2BFD /* ImageNode.swift */; };
/* End PBXBuildFile section */

/* Begin PBXFileReference section */
		C0686D3C225C5A30009A2BFD /* ARContactLenses.app */ = {isa = PBXFileReference; explicitFileType = wrapper.application; includeInIndex = 0; path = ARContactLenses.app; sourceTree = BUILT_PRODUCTS_DIR; };
		C0686D3F225C5A30009A2BFD /* AppDelegate.swift */ = {isa = PBXFileReference; lastKnownFileType = sourcecode.swift; path = AppDelegate.swift; sourceTree = "<group>"; };
		C0686D41225C5A30009A2BFD /* ContactLensesViewController.swift */ = {isa = PBXFileReference; lastKnownFileType = sourcecode.swift; path = ContactLensesViewController.swift; sourceTree = "<group>"; };
		C0686D46225C5A32009A2BFD /* Assets.xcassets */ = {isa = PBXFileReference; lastKnownFileType = folder.assetcatalog; path = Assets.xcassets; sourceTree = "<group>"; };
		C0686D49225C5A32009A2BFD /* Base */ = {isa = PBXFileReference; lastKnownFileType = file.storyboard; name = Base; path = Base.lproj/LaunchScreen.storyboard; sourceTree = "<group>"; };
		C0686D4B225C5A32009A2BFD /* Info.plist */ = {isa = PBXFileReference; lastKnownFileType = text.plist.xml; path = Info.plist; sourceTree = "<group>"; };
		C0686D56225D1C5B009A2BFD /* ImageNode.swift */ = {isa = PBXFileReference; lastKnownFileType = sourcecode.swift; path = ImageNode.swift; sourceTree = "<group>"; };
/* End PBXFileReference section */

/* Begin PBXFrameworksBuildPhase section */
		C0686D39225C5A30009A2BFD /* Frameworks */ = {
			isa = PBXFrameworksBuildPhase;
			buildActionMask = 2147483647;
			files = (
			);
			runOnlyForDeploymentPostprocessing = 0;
		};
/* End PBXFrameworksBuildPhase section */

/* Begin PBXGroup section */
		C0686D33225C5A30009A2BFD = {
			isa = PBXGroup;
			children = (
				C0686D3E225C5A30009A2BFD /* ARContactLenses */,
				C0686D3D225C5A30009A2BFD /* Products */,
			);
			sourceTree = "<group>";
		};
		C0686D3D225C5A30009A2BFD /* Products */ = {
			isa = PBXGroup;
			children = (
				C0686D3C225C5A30009A2BFD /* ARContactLenses.app */,
			);
			name = Products;
			sourceTree = "<group>";
		};
		C0686D3E225C5A30009A2BFD /* ARContactLenses */ = {
			isa = PBXGroup;
			children = (
				C0686D55225D1C1F009A2BFD /* Utilities */,
				C0686D52225C5A70009A2BFD /* Controllers */,
				C0686D51225C5A60009A2BFD /* Views */,
				C0686D3F225C5A30009A2BFD /* AppDelegate.swift */,
				C0686D46225C5A32009A2BFD /* Assets.xcassets */,
				C0686D48225C5A32009A2BFD /* LaunchScreen.storyboard */,
				C0686D4B225C5A32009A2BFD /* Info.plist */,
			);
			path = ARContactLenses;
			sourceTree = "<group>";
		};
		C0686D51225C5A60009A2BFD /* Views */ = {
			isa = PBXGroup;
			children = (
			);
			path = Views;
			sourceTree = "<group>";
		};
		C0686D52225C5A70009A2BFD /* Controllers */ = {
			isa = PBXGroup;
			children = (
				C0686D41225C5A30009A2BFD /* ContactLensesViewController.swift */,
			);
			path = Controllers;
			sourceTree = "<group>";
		};
		C0686D55225D1C1F009A2BFD /* Utilities */ = {
			isa = PBXGroup;
			children = (
				C0686D56225D1C5B009A2BFD /* ImageNode.swift */,
			);
			path = Utilities;
			sourceTree = "<group>";
		};
/* End PBXGroup section */

/* Begin PBXNativeTarget section */
		C0686D3B225C5A30009A2BFD /* ARContactLenses */ = {
			isa = PBXNativeTarget;
			buildConfigurationList = C0686D4E225C5A32009A2BFD /* Build configuration list for PBXNativeTarget "ARContactLenses" */;
			buildPhases = (
				C0686D38225C5A30009A2BFD /* Sources */,
				C0686D39225C5A30009A2BFD /* Frameworks */,
				C0686D3A225C5A30009A2BFD /* Resources */,
			);
			buildRules = (
			);
			dependencies = (
			);
			name = ARContactLenses;
			productName = ARContactLenses;
			productReference = C0686D3C225C5A30009A2BFD /* ARContactLenses.app */;
			productType = "com.apple.product-type.application";
		};
/* End PBXNativeTarget section */

/* Begin PBXProject section */
		C0686D34225C5A30009A2BFD /* Project object */ = {
			isa = PBXProject;
			attributes = {
				LastSwiftUpdateCheck = 1010;
				LastUpgradeCheck = 1010;
				TargetAttributes = {
					C0686D3B225C5A30009A2BFD = {
						CreatedOnToolsVersion = 10.1;
					};
				};
			};
			buildConfigurationList = C0686D37225C5A30009A2BFD /* Build configuration list for PBXProject "ARContactLenses" */;
			compatibilityVersion = "Xcode 9.3";
			developmentRegion = en;
			hasScannedForEncodings = 0;
			knownRegions = (
				en,
				Base,
			);
			mainGroup = C0686D33225C5A30009A2BFD;
			productRefGroup = C0686D3D225C5A30009A2BFD /* Products */;
			projectDirPath = "";
			projectRoot = "";
			targets = (
				C0686D3B225C5A30009A2BFD /* ARContactLenses */,
			);
		};
/* End PBXProject section */

/* Begin PBXResourcesBuildPhase section */
		C0686D3A225C5A30009A2BFD /* Resources */ = {
			isa = PBXResourcesBuildPhase;
			buildActionMask = 2147483647;
			files = (
				C0686D4A225C5A32009A2BFD /* LaunchScreen.storyboard in Resources */,
				C0686D47225C5A32009A2BFD /* Assets.xcassets in Resources */,
			);
			runOnlyForDeploymentPostprocessing = 0;
		};
/* End PBXResourcesBuildPhase section */

/* Begin PBXSourcesBuildPhase section */
		C0686D38225C5A30009A2BFD /* Sources */ = {
			isa = PBXSourcesBuildPhase;
			buildActionMask = 2147483647;
			files = (
				C0686D42225C5A30009A2BFD /* ContactLensesViewController.swift in Sources */,
				C0686D40225C5A30009A2BFD /* AppDelegate.swift in Sources */,
				C0686D57225D1C5B009A2BFD /* ImageNode.swift in Sources */,
			);
			runOnlyForDeploymentPostprocessing = 0;
		};
/* End PBXSourcesBuildPhase section */

/* Begin PBXVariantGroup section */
		C0686D48225C5A32009A2BFD /* LaunchScreen.storyboard */ = {
			isa = PBXVariantGroup;
			children = (
				C0686D49225C5A32009A2BFD /* Base */,
			);
			name = LaunchScreen.storyboard;
			sourceTree = "<group>";
		};
/* End PBXVariantGroup section */

/* Begin XCBuildConfiguration section */
		C0686D4C225C5A32009A2BFD /* Debug */ = {
			isa = XCBuildConfiguration;
			buildSettings = {
				ALWAYS_SEARCH_USER_PATHS = NO;
				CLANG_ANALYZER_NONNULL = YES;
				CLANG_ANALYZER_NUMBER_OBJECT_CONVERSION = YES_AGGRESSIVE;
				CLANG_CXX_LANGUAGE_STANDARD = "gnu++14";
				CLANG_CXX_LIBRARY = "libc++";
				CLANG_ENABLE_MODULES = YES;
				CLANG_ENABLE_OBJC_ARC = YES;
				CLANG_ENABLE_OBJC_WEAK = YES;
				CLANG_WARN_BLOCK_CAPTURE_AUTORELEASING = YES;
				CLANG_WARN_BOOL_CONVERSION = YES;
				CLANG_WARN_COMMA = YES;
				CLANG_WARN_CONSTANT_CONVERSION = YES;
				CLANG_WARN_DEPRECATED_OBJC_IMPLEMENTATIONS = YES;
				CLANG_WARN_DIRECT_OBJC_ISA_USAGE = YES_ERROR;
				CLANG_WARN_DOCUMENTATION_COMMENTS = YES;
				CLANG_WARN_EMPTY_BODY = YES;
				CLANG_WARN_ENUM_CONVERSION = YES;
				CLANG_WARN_INFINITE_RECURSION = YES;
				CLANG_WARN_INT_CONVERSION = YES;
				CLANG_WARN_NON_LITERAL_NULL_CONVERSION = YES;
				CLANG_WARN_OBJC_IMPLICIT_RETAIN_SELF = YES;
				CLANG_WARN_OBJC_LITERAL_CONVERSION = YES;
				CLANG_WARN_OBJC_ROOT_CLASS = YES_ERROR;
				CLANG_WARN_RANGE_LOOP_ANALYSIS = YES;
				CLANG_WARN_STRICT_PROTOTYPES = YES;
				CLANG_WARN_SUSPICIOUS_MOVE = YES;
				CLANG_WARN_UNGUARDED_AVAILABILITY = YES_AGGRESSIVE;
				CLANG_WARN_UNREACHABLE_CODE = YES;
				CLANG_WARN__DUPLICATE_METHOD_MATCH = YES;
				CODE_SIGN_IDENTITY = "iPhone Developer";
				COPY_PHASE_STRIP = NO;
				DEBUG_INFORMATION_FORMAT = dwarf;
				ENABLE_STRICT_OBJC_MSGSEND = YES;
				ENABLE_TESTABILITY = YES;
				GCC_C_LANGUAGE_STANDARD = gnu11;
				GCC_DYNAMIC_NO_PIC = NO;
				GCC_NO_COMMON_BLOCKS = YES;
				GCC_OPTIMIZATION_LEVEL = 0;
				GCC_PREPROCESSOR_DEFINITIONS = (
					"DEBUG=1",
					"$(inherited)",
				);
				GCC_WARN_64_TO_32_BIT_CONVERSION = YES;
				GCC_WARN_ABOUT_RETURN_TYPE = YES_ERROR;
				GCC_WARN_UNDECLARED_SELECTOR = YES;
				GCC_WARN_UNINITIALIZED_AUTOS = YES_AGGRESSIVE;
				GCC_WARN_UNUSED_FUNCTION = YES;
				GCC_WARN_UNUSED_VARIABLE = YES;
				IPHONEOS_DEPLOYMENT_TARGET = 12.1;
				MTL_ENABLE_DEBUG_INFO = INCLUDE_SOURCE;
				MTL_FAST_MATH = YES;
				ONLY_ACTIVE_ARCH = YES;
				SDKROOT = iphoneos;
				SWIFT_ACTIVE_COMPILATION_CONDITIONS = DEBUG;
				SWIFT_OPTIMIZATION_LEVEL = "-Onone";
			};
			name = Debug;
		};
		C0686D4D225C5A32009A2BFD /* Release */ = {
			isa = XCBuildConfiguration;
			buildSettings = {
				ALWAYS_SEARCH_USER_PATHS = NO;
				CLANG_ANALYZER_NONNULL = YES;
				CLANG_ANALYZER_NUMBER_OBJECT_CONVERSION = YES_AGGRESSIVE;
				CLANG_CXX_LANGUAGE_STANDARD = "gnu++14";
				CLANG_CXX_LIBRARY = "libc++";
				CLANG_ENABLE_MODULES = YES;
				CLANG_ENABLE_OBJC_ARC = YES;
				CLANG_ENABLE_OBJC_WEAK = YES;
				CLANG_WARN_BLOCK_CAPTURE_AUTORELEASING = YES;
				CLANG_WARN_BOOL_CONVERSION = YES;
				CLANG_WARN_COMMA = YES;
				CLANG_WARN_CONSTANT_CONVERSION = YES;
				CLANG_WARN_DEPRECATED_OBJC_IMPLEMENTATIONS = YES;
				CLANG_WARN_DIRECT_OBJC_ISA_USAGE = YES_ERROR;
				CLANG_WARN_DOCUMENTATION_COMMENTS = YES;
				CLANG_WARN_EMPTY_BODY = YES;
				CLANG_WARN_ENUM_CONVERSION = YES;
				CLANG_WARN_INFINITE_RECURSION = YES;
				CLANG_WARN_INT_CONVERSION = YES;
				CLANG_WARN_NON_LITERAL_NULL_CONVERSION = YES;
				CLANG_WARN_OBJC_IMPLICIT_RETAIN_SELF = YES;
				CLANG_WARN_OBJC_LITERAL_CONVERSION = YES;
				CLANG_WARN_OBJC_ROOT_CLASS = YES_ERROR;
				CLANG_WARN_RANGE_LOOP_ANALYSIS = YES;
				CLANG_WARN_STRICT_PROTOTYPES = YES;
				CLANG_WARN_SUSPICIOUS_MOVE = YES;
				CLANG_WARN_UNGUARDED_AVAILABILITY = YES_AGGRESSIVE;
				CLANG_WARN_UNREACHABLE_CODE = YES;
				CLANG_WARN__DUPLICATE_METHOD_MATCH = YES;
				CODE_SIGN_IDENTITY = "iPhone Developer";
				COPY_PHASE_STRIP = NO;
				DEBUG_INFORMATION_FORMAT = "dwarf-with-dsym";
				ENABLE_NS_ASSERTIONS = NO;
				ENABLE_STRICT_OBJC_MSGSEND = YES;
				GCC_C_LANGUAGE_STANDARD = gnu11;
				GCC_NO_COMMON_BLOCKS = YES;
				GCC_WARN_64_TO_32_BIT_CONVERSION = YES;
				GCC_WARN_ABOUT_RETURN_TYPE = YES_ERROR;
				GCC_WARN_UNDECLARED_SELECTOR = YES;
				GCC_WARN_UNINITIALIZED_AUTOS = YES_AGGRESSIVE;
				GCC_WARN_UNUSED_FUNCTION = YES;
				GCC_WARN_UNUSED_VARIABLE = YES;
				IPHONEOS_DEPLOYMENT_TARGET = 12.1;
				MTL_ENABLE_DEBUG_INFO = NO;
				MTL_FAST_MATH = YES;
				SDKROOT = iphoneos;
				SWIFT_COMPILATION_MODE = wholemodule;
				SWIFT_OPTIMIZATION_LEVEL = "-O";
				VALIDATE_PRODUCT = YES;
			};
			name = Release;
		};
		C0686D4F225C5A32009A2BFD /* Debug */ = {
			isa = XCBuildConfiguration;
			buildSettings = {
				ASSETCATALOG_COMPILER_APPICON_NAME = AppIcon;
				CODE_SIGN_STYLE = Automatic;
				DEVELOPMENT_TEAM = UJZZ365C8J;
				INFOPLIST_FILE = ARContactLenses/Info.plist;
				LD_RUNPATH_SEARCH_PATHS = (
					"$(inherited)",
					"@executable_path/Frameworks",
				);
				PRODUCT_BUNDLE_IDENTIFIER = "com.leonardo-garcia.ARContactLenses";
				PRODUCT_NAME = "$(TARGET_NAME)";
				SWIFT_VERSION = 4.2;
				TARGETED_DEVICE_FAMILY = "1,2";
			};
			name = Debug;
		};
		C0686D50225C5A32009A2BFD /* Release */ = {
			isa = XCBuildConfiguration;
			buildSettings = {
				ASSETCATALOG_COMPILER_APPICON_NAME = AppIcon;
				CODE_SIGN_STYLE = Automatic;
				DEVELOPMENT_TEAM = UJZZ365C8J;
				INFOPLIST_FILE = ARContactLenses/Info.plist;
				LD_RUNPATH_SEARCH_PATHS = (
					"$(inherited)",
					"@executable_path/Frameworks",
				);
				PRODUCT_BUNDLE_IDENTIFIER = "com.leonardo-garcia.ARContactLenses";
				PRODUCT_NAME = "$(TARGET_NAME)";
				SWIFT_VERSION = 4.2;
				TARGETED_DEVICE_FAMILY = "1,2";
			};
			name = Release;
		};
/* End XCBuildConfiguration section */

/* Begin XCConfigurationList section */
		C0686D37225C5A30009A2BFD /* Build configuration list for PBXProject "ARContactLenses" */ = {
			isa = XCConfigurationList;
			buildConfigurations = (
				C0686D4C225C5A32009A2BFD /* Debug */,
				C0686D4D225C5A32009A2BFD /* Release */,
			);
			defaultConfigurationIsVisible = 0;
			defaultConfigurationName = Release;
		};
		C0686D4E225C5A32009A2BFD /* Build configuration list for PBXNativeTarget "ARContactLenses" */ = {
			isa = XCConfigurationList;
			buildConfigurations = (
				C0686D4F225C5A32009A2BFD /* Debug */,
				C0686D50225C5A32009A2BFD /* Release */,
			);
			defaultConfigurationIsVisible = 0;
			defaultConfigurationName = Release;
		};
/* End XCConfigurationList section */
	};
	rootObject = C0686D34225C5A30009A2BFD /* Project object */;
}
